# This file was autogenerated by Stack.
# You should not edit this file by hand.
# For more information, please see the documentation at:
#   https://docs.haskellstack.org/en/stable/lock_files

packages:
- completed:
    hackage: cabal-toolkit-0.0.5@sha256:ca30f5f97ce0728fbc8ab2ffa8487d2bcc1077ecd451ff7f2fd10630cddf487c,1508
    pantry-tree:
      size: 332
      sha256: 8ab99ba00f14c585075c9e441b5062b3b196161cbcb4d60fb3c8c216a8f0ae65
  original:
    hackage: cabal-toolkit-0.0.5
- completed:
    hackage: pomaps-0.0.2.1@sha256:65100d17267e83d006a538f071fc7c8707806c5ee62270dfcf2799de5a193a6c,3189
    pantry-tree:
      size: 1107
      sha256: 6bade3c11a14cf52b94f9368bbca080a573810bc2ed298f526d906788a53adec
  original:
    hackage: pomaps-0.0.2.1
snapshots:
- completed:
    size: 500539
    url: https://raw.githubusercontent.com/commercialhaskell/stackage-snapshots/master/lts/13/30.yaml
    sha256: 59ad6b944c9903847fecdc1d4815e8500c1f9999d80fd1b4d2d66e408faec44b
  original: lts-13.30
